
Microsoft Visual Studio Solution File, Format Version 12.00
# Visual Studio Version 16
VisualStudioVersion = 16.0.30804.86
MinimumVisualStudioVersion = 10.0.40219.1
Project("{FAE04EC0-301F-11D3-BF4B-00C04F79EFBC}") = "SimpleApi", "SimpleApi\SimpleApi.csproj", "{92A2F038-6C06-4656-A2D8-EF42125D4166}"
EndProject
Global
	GlobalSection(SolutionConfigurationPlatforms) = preSolution
		Debug|Any CPU = Debug|Any CPU
		Release|Any CPU = Release|Any CPU
	EndGlobalSection
	GlobalSection(ProjectConfigurationPlatforms) = postSolution
		{92A2F038-6C06-4656-A2D8-EF42125D4166}.Debug|Any CPU.ActiveCfg = Debug|Any CPU
		{92A2F038-6C06-4656-A2D8-EF42125D4166}.Debug|Any CPU.Build.0 = Debug|Any CPU
		{92A2F038-6C06-4656-A2D8-EF42125D4166}.Release|Any CPU.ActiveCfg = Release|Any CPU
		{92A2F038-6C06-4656-A2D8-EF42125D4166}.Release|Any CPU.Build.0 = Release|Any CPU
	EndGlobalSection
	GlobalSection(SolutionProperties) = preSolution
		HideSolutionNode = FALSE
	EndGlobalSection
	GlobalSection(ExtensibilityGlobals) = postSolution
		SolutionGuid = {D0C45AE3-A12D-488E-9F47-A95CC85E1E82}
	EndGlobalSection
EndGlobal
